# Generated by move; do not edit
# This file should be checked in.

[move]
version = 4

[pinned.mainnet.MoveStdlib]
source = { git = "https://github.com/MystenLabs/sui.git", subdir = "crates/sui-framework/packages/move-stdlib", rev = "2a0becb2fcc6989e492981104af67f62f2c9511a" }
use_environment = "mainnet"
manifest_digest = "C4FE4C91DE74CBF223B2E380AE40F592177D21870DC2D7EB6227D2D694E05363"
deps = {}

[pinned.mainnet.Sui]
source = { git = "https://github.com/MystenLabs/sui.git", subdir = "crates/sui-framework/packages/sui-framework", rev = "2a0becb2fcc6989e492981104af67f62f2c9511a" }
use_environment = "mainnet"
manifest_digest = "CD547CB1ACCE0880C835DAED2D8FFCB91D56C833AE5240D3AA5B918398263195"
deps = { MoveStdlib = "MoveStdlib" }

[pinned.mainnet.bps]
source = { git = "https://github.com/unconfirmedlabs/bps.git", subdir = ".", rev = "4ca1972a67d35c972ca567de7b08315e3778e52b" }
use_environment = "mainnet"
manifest_digest = "E41BBD67BE8940D26C79D78B028477EF5B33BA217A1282C78ACB344CF8A5ECF6"
deps = { std = "MoveStdlib", sui = "Sui" }

[pinned.mainnet.cover_art]
source = { git = "https://github.com/misonetwork/cover-art.git", subdir = ".", rev = "7672ad1c656c23bb6dda20a62661d83a6c9e75bd" }
use_environment = "mainnet"
manifest_digest = "25AA9DE5D5CE95AC10C25EF1D233EDB398E2C428619CC8440C7591335CE404A3"
deps = { ori = "ori", std = "MoveStdlib", sui = "Sui" }

[pinned.mainnet.miso]
source = { git = "https://github.com/misonetwork/protocol.git", subdir = ".", rev = "6de5f9881ee62c81c57ce16832efc24dc33ae429" }
use_environment = "mainnet"
manifest_digest = "C39E753912AE68EC77F0ADE25C4B46362DC32E653CCE60054108A74B7A93F5A2"
deps = { bps = "bps", miso_share = "miso_share", std = "MoveStdlib", sui = "Sui" }

[pinned.mainnet.miso_share]
source = { git = "https://github.com/misonetwork/share.git", subdir = ".", rev = "561cfad98e4aaa63e6b34d5a6f4c22e397c70a52" }
use_environment = "mainnet"
manifest_digest = "E41BBD67BE8940D26C79D78B028477EF5B33BA217A1282C78ACB344CF8A5ECF6"
deps = { std = "MoveStdlib", sui = "Sui" }

[pinned.mainnet.ori]
source = { git = "https://github.com/unconfirmedlabs/ori.git", subdir = "move", rev = "1ca4e5016848bd946072db19415086a309b9930f" }
use_environment = "mainnet"
manifest_digest = "E41BBD67BE8940D26C79D78B028477EF5B33BA217A1282C78ACB344CF8A5ECF6"
deps = { std = "MoveStdlib", sui = "Sui" }

[pinned.mainnet.per_track]
source = { git = "https://github.com/misonetwork/per-track.git", subdir = ".", rev = "547befbb33be14ac7400fabc01962a96bd54fb1e" }
use_environment = "mainnet"
manifest_digest = "F1A94C40A897038804F59CD7330C99C26F16480F98D11F104284097870D65090"
deps = { miso = "miso", std = "MoveStdlib", sui = "Sui" }

[pinned.mainnet.release_cover_art]
source = { root = true }
use_environment = "mainnet"
manifest_digest = "E200C9AB7BD06E0F033FC2304CF6FAC4B92DC55F776710442FCF96C0B6F31A21"
deps = { cover_art = "cover_art", miso = "miso", per_track = "per_track", std = "MoveStdlib", sui = "Sui" }

[pinned.testnet.MoveStdlib]
source = { git = "https://github.com/MystenLabs/sui.git", subdir = "crates/sui-framework/packages/move-stdlib", rev = "2a0becb2fcc6989e492981104af67f62f2c9511a" }
use_environment = "testnet"
manifest_digest = "C4FE4C91DE74CBF223B2E380AE40F592177D21870DC2D7EB6227D2D694E05363"
deps = {}

[pinned.testnet.Sui]
source = { git = "https://github.com/MystenLabs/sui.git", subdir = "crates/sui-framework/packages/sui-framework", rev = "2a0becb2fcc6989e492981104af67f62f2c9511a" }
use_environment = "testnet"
manifest_digest = "7AFB66695545775FBFBB2D3078ADFD084244D5002392E837FDE21D9EA1C6D01C"
deps = { MoveStdlib = "MoveStdlib" }

[pinned.testnet.bps]
source = { git = "https://github.com/unconfirmedlabs/bps.git", subdir = ".", rev = "4ca1972a67d35c972ca567de7b08315e3778e52b" }
use_environment = "testnet"
manifest_digest = "5745706258F61D6CE210904B3E6AE87A73CE9D31A6F93BE4718C442529332A87"
deps = { std = "MoveStdlib", sui = "Sui" }

[pinned.testnet.cover_art]
source = { git = "https://github.com/misonetwork/cover-art.git", subdir = ".", rev = "7672ad1c656c23bb6dda20a62661d83a6c9e75bd" }
use_environment = "testnet"
manifest_digest = "85392EC3100F194E3FD36BC11F48202BA133D65419C0363029E8FCB932AB1064"
deps = { ori = "ori", std = "MoveStdlib", sui = "Sui" }

[pinned.testnet.miso]
source = { git = "https://github.com/misonetwork/protocol.git", subdir = ".", rev = "6de5f9881ee62c81c57ce16832efc24dc33ae429" }
use_environment = "testnet"
manifest_digest = "BA5EBAA55B1B6DE07709319F1448FD9DBDFDA8C66F573336039066CF1046AE53"
deps = { bps = "bps", miso_share = "miso_share", std = "MoveStdlib", sui = "Sui" }

[pinned.testnet.miso_share]
source = { git = "https://github.com/misonetwork/share.git", subdir = ".", rev = "561cfad98e4aaa63e6b34d5a6f4c22e397c70a52" }
use_environment = "testnet"
manifest_digest = "5745706258F61D6CE210904B3E6AE87A73CE9D31A6F93BE4718C442529332A87"
deps = { std = "MoveStdlib", sui = "Sui" }

[pinned.testnet.ori]
source = { git = "https://github.com/unconfirmedlabs/ori.git", subdir = "move", rev = "1ca4e5016848bd946072db19415086a309b9930f" }
use_environment = "testnet"
manifest_digest = "5745706258F61D6CE210904B3E6AE87A73CE9D31A6F93BE4718C442529332A87"
deps = { std = "MoveStdlib", sui = "Sui" }

[pinned.testnet.per_track]
source = { git = "https://github.com/misonetwork/per-track.git", subdir = ".", rev = "547befbb33be14ac7400fabc01962a96bd54fb1e" }
use_environment = "testnet"
manifest_digest = "EE788FA0ABCD4B39C0BF002F64A4D9D89983633588039185B34A645B01E2650A"
deps = { miso = "miso", std = "MoveStdlib", sui = "Sui" }

[pinned.testnet.release_cover_art]
source = { root = true }
use_environment = "testnet"
manifest_digest = "3BF4C3B806BADD5055590D0BA72F36419E2B18D8B530C710BC54C33A77CA01B6"
deps = { cover_art = "cover_art", miso = "miso", per_track = "per_track", std = "MoveStdlib", sui = "Sui" }
